
Microsoft Visual Studio Solution File, Format Version 12.00
# Visual Studio Version 16
VisualStudioVersion = 16.0.31410.357
MinimumVisualStudioVersion = 10.0.40219.1
Project("{FAE04EC0-301F-11D3-BF4B-00C04F79EFBC}") = "CachingDecorator", "CachingDecorator\CachingDecorator.csproj", "{72584C73-2C8F-4B7E-A3B6-B3AA427074FF}"
EndProject
Global
	GlobalSection(SolutionConfigurationPlatforms) = preSolution
		Debug|Any CPU = Debug|Any CPU
		Release|Any CPU = Release|Any CPU
	EndGlobalSection
	GlobalSection(ProjectConfigurationPlatforms) = postSolution
		{72584C73-2C8F-4B7E-A3B6-B3AA427074FF}.Debug|Any CPU.ActiveCfg = Debug|Any CPU
		{72584C73-2C8F-4B7E-A3B6-B3AA427074FF}.Debug|Any CPU.Build.0 = Debug|Any CPU
		{72584C73-2C8F-4B7E-A3B6-B3AA427074FF}.Release|Any CPU.ActiveCfg = Release|Any CPU
		{72584C73-2C8F-4B7E-A3B6-B3AA427074FF}.Release|Any CPU.Build.0 = Release|Any CPU
	EndGlobalSection
	GlobalSection(SolutionProperties) = preSolution
		HideSolutionNode = FALSE
	EndGlobalSection
	GlobalSection(ExtensibilityGlobals) = postSolution
		SolutionGuid = {36FBAFF4-B29C-4D43-8E6B-D2542E1FC3BA}
	EndGlobalSection
EndGlobal
